
Microsoft Visual Studio Solution File, Format Version 12.00
# Visual Studio 2012
Project("{FAE04EC0-301F-11D3-BF4B-00C04F79EFBC}") = "LabelPrinting", "LabelPrinting\LabelPrinting.csproj", "{2C57217F-2C72-45E8-B27B-1B5CA31083DF}"
EndProject
Project("{FAE04EC0-301F-11D3-BF4B-00C04F79EFBC}") = "WindowsApplication1", "WindowsApplication1\WindowsApplication1.csproj", "{0ADBB57F-8AC2-49D5-BC1D-781C93A9C307}"
EndProject
Global
	GlobalSection(SolutionConfigurationPlatforms) = preSolution
		Debug|Any CPU = Debug|Any CPU
		Release|Any CPU = Release|Any CPU
	EndGlobalSection
	GlobalSection(ProjectConfigurationPlatforms) = postSolution
		{2C57217F-2C72-45E8-B27B-1B5CA31083DF}.Debug|Any CPU.ActiveCfg = Debug|Any CPU
		{2C57217F-2C72-45E8-B27B-1B5CA31083DF}.Debug|Any CPU.Build.0 = Debug|Any CPU
		{2C57217F-2C72-45E8-B27B-1B5CA31083DF}.Release|Any CPU.ActiveCfg = Release|Any CPU
		{2C57217F-2C72-45E8-B27B-1B5CA31083DF}.Release|Any CPU.Build.0 = Release|Any CPU
		{0ADBB57F-8AC2-49D5-BC1D-781C93A9C307}.Debug|Any CPU.ActiveCfg = Debug|Any CPU
		{0ADBB57F-8AC2-49D5-BC1D-781C93A9C307}.Debug|Any CPU.Build.0 = Debug|Any CPU
		{0ADBB57F-8AC2-49D5-BC1D-781C93A9C307}.Release|Any CPU.ActiveCfg = Release|Any CPU
		{0ADBB57F-8AC2-49D5-BC1D-781C93A9C307}.Release|Any CPU.Build.0 = Release|Any CPU
	EndGlobalSection
	GlobalSection(SolutionProperties) = preSolution
		HideSolutionNode = FALSE
	EndGlobalSection
EndGlobal
